
Microsoft Visual Studio Solution File, Format Version 12.00
# Visual Studio Version 17
VisualStudioVersion = 17.3.32929.385
MinimumVisualStudioVersion = 10.0.40219.1
Project("{2150E333-8FDC-42A3-9474-1A3956D46DE8}") = "FrontEnd", "FrontEnd", "{614ECBA5-5F8F-4E18-B126-E205A9141788}"
EndProject
Project("{2150E333-8FDC-42A3-9474-1A3956D46DE8}") = "GateWay", "GateWay", "{1C3E57DC-5F69-4C87-9FA6-C63E7BAC07C9}"
EndProject
Project("{2150E333-8FDC-42A3-9474-1A3956D46DE8}") = "Integration", "Integration", "{52CCE2F9-1621-47E8-A013-AE6305CD9BB6}"
EndProject
Project("{2150E333-8FDC-42A3-9474-1A3956D46DE8}") = "Services", "Services", "{6AA6C367-031C-480B-81CD-91425AEF521B}"
EndProject
Project("{9A19103F-16F7-4668-BE54-9A1E7A4F7556}") = "Mango.Services.CoupanAPI", "Mango.Services.CoupanAPI\Mango.Services.CoupanAPI.csproj", "{9488CF67-5560-424C-AE90-2937101FF0E2}"
EndProject
Project("{9A19103F-16F7-4668-BE54-9A1E7A4F7556}") = "Mango.Web", "Mango.Web\Mango.Web.csproj", "{B348A721-DF7D-4873-989A-598F288EDE7C}"
EndProject
Project("{9A19103F-16F7-4668-BE54-9A1E7A4F7556}") = "Mango.Services.AuthAPI", "Mango.Services.AuthAPI\Mango.Services.AuthAPI.csproj", "{A59C8E4F-AE98-415A-ACDE-B7F993D5A201}"
EndProject
Project("{9A19103F-16F7-4668-BE54-9A1E7A4F7556}") = "Mango.Services.ProductAPI", "Mango.Services.ProductAPI\Mango.Services.ProductAPI.csproj", "{FF69BA88-C723-49BF-A5D2-D50BB6CDA1CD}"
EndProject
Project("{9A19103F-16F7-4668-BE54-9A1E7A4F7556}") = "Mango.Services.ShoppingCartAPI", "Mango.Services.ShoppingCartAPI\Mango.Services.ShoppingCartAPI.csproj", "{50C4E2C7-C341-417C-8691-3834442FB14D}"
EndProject
Project("{9A19103F-16F7-4668-BE54-9A1E7A4F7556}") = "Mango.MessageBus", "Mango.MessageBus\Mango.MessageBus.csproj", "{45B3BAB9-0FA1-4EFA-951E-C2F28FCC1502}"
EndProject
Project("{9A19103F-16F7-4668-BE54-9A1E7A4F7556}") = "Mango.Services.EmailAPI", "Mango.Services.EmailAPI\Mango.Services.EmailAPI.csproj", "{4600C26D-83EF-4C2E-B939-BC8BECD368B1}"
EndProject
Project("{9A19103F-16F7-4668-BE54-9A1E7A4F7556}") = "Mango.Services.OrderAPI", "Mango.Services.OrderAPI\Mango.Services.OrderAPI.csproj", "{F9469CE1-E8B6-4E5A-907A-A6A7A27B795E}"
EndProject
Project("{9A19103F-16F7-4668-BE54-9A1E7A4F7556}") = "Mango.Services.RewardAPI", "Mango.Services.RewardAPI\Mango.Services.RewardAPI.csproj", "{3D72BBAC-03ED-4635-98D4-F7C1FBDE50F0}"
EndProject
Project("{FAE04EC0-301F-11D3-BF4B-00C04F79EFBC}") = "Mango.GatewaySolution", "Mango.GatewaySolution\Mango.GatewaySolution.csproj", "{6B6330EB-795F-40F3-86CA-7F0599D1E744}"
EndProject
Global
	GlobalSection(SolutionConfigurationPlatforms) = preSolution
		Debug|Any CPU = Debug|Any CPU
		Release|Any CPU = Release|Any CPU
	EndGlobalSection
	GlobalSection(ProjectConfigurationPlatforms) = postSolution
		{9488CF67-5560-424C-AE90-2937101FF0E2}.Debug|Any CPU.ActiveCfg = Debug|Any CPU
		{9488CF67-5560-424C-AE90-2937101FF0E2}.Debug|Any CPU.Build.0 = Debug|Any CPU
		{9488CF67-5560-424C-AE90-2937101FF0E2}.Release|Any CPU.ActiveCfg = Release|Any CPU
		{9488CF67-5560-424C-AE90-2937101FF0E2}.Release|Any CPU.Build.0 = Release|Any CPU
		{B348A721-DF7D-4873-989A-598F288EDE7C}.Debug|Any CPU.ActiveCfg = Debug|Any CPU
		{B348A721-DF7D-4873-989A-598F288EDE7C}.Debug|Any CPU.Build.0 = Debug|Any CPU
		{B348A721-DF7D-4873-989A-598F288EDE7C}.Release|Any CPU.ActiveCfg = Release|Any CPU
		{B348A721-DF7D-4873-989A-598F288EDE7C}.Release|Any CPU.Build.0 = Release|Any CPU
		{A59C8E4F-AE98-415A-ACDE-B7F993D5A201}.Debug|Any CPU.ActiveCfg = Debug|Any CPU
		{A59C8E4F-AE98-415A-ACDE-B7F993D5A201}.Debug|Any CPU.Build.0 = Debug|Any CPU
		{A59C8E4F-AE98-415A-ACDE-B7F993D5A201}.Release|Any CPU.ActiveCfg = Release|Any CPU
		{A59C8E4F-AE98-415A-ACDE-B7F993D5A201}.Release|Any CPU.Build.0 = Release|Any CPU
		{FF69BA88-C723-49BF-A5D2-D50BB6CDA1CD}.Debug|Any CPU.ActiveCfg = Debug|Any CPU
		{FF69BA88-C723-49BF-A5D2-D50BB6CDA1CD}.Debug|Any CPU.Build.0 = Debug|Any CPU
		{FF69BA88-C723-49BF-A5D2-D50BB6CDA1CD}.Release|Any CPU.ActiveCfg = Release|Any CPU
		{FF69BA88-C723-49BF-A5D2-D50BB6CDA1CD}.Release|Any CPU.Build.0 = Release|Any CPU
		{50C4E2C7-C341-417C-8691-3834442FB14D}.Debug|Any CPU.ActiveCfg = Debug|Any CPU
		{50C4E2C7-C341-417C-8691-3834442FB14D}.Debug|Any CPU.Build.0 = Debug|Any CPU
		{50C4E2C7-C341-417C-8691-3834442FB14D}.Release|Any CPU.ActiveCfg = Release|Any CPU
		{50C4E2C7-C341-417C-8691-3834442FB14D}.Release|Any CPU.Build.0 = Release|Any CPU
		{45B3BAB9-0FA1-4EFA-951E-C2F28FCC1502}.Debug|Any CPU.ActiveCfg = Debug|Any CPU
		{45B3BAB9-0FA1-4EFA-951E-C2F28FCC1502}.Debug|Any CPU.Build.0 = Debug|Any CPU
		{45B3BAB9-0FA1-4EFA-951E-C2F28FCC1502}.Release|Any CPU.ActiveCfg = Release|Any CPU
		{45B3BAB9-0FA1-4EFA-951E-C2F28FCC1502}.Release|Any CPU.Build.0 = Release|Any CPU
		{4600C26D-83EF-4C2E-B939-BC8BECD368B1}.Debug|Any CPU.ActiveCfg = Debug|Any CPU
		{4600C26D-83EF-4C2E-B939-BC8BECD368B1}.Debug|Any CPU.Build.0 = Debug|Any CPU
		{4600C26D-83EF-4C2E-B939-BC8BECD368B1}.Release|Any CPU.ActiveCfg = Release|Any CPU
		{4600C26D-83EF-4C2E-B939-BC8BECD368B1}.Release|Any CPU.Build.0 = Release|Any CPU
		{F9469CE1-E8B6-4E5A-907A-A6A7A27B795E}.Debug|Any CPU.ActiveCfg = Debug|Any CPU
		{F9469CE1-E8B6-4E5A-907A-A6A7A27B795E}.Debug|Any CPU.Build.0 = Debug|Any CPU
		{F9469CE1-E8B6-4E5A-907A-A6A7A27B795E}.Release|Any CPU.ActiveCfg = Release|Any CPU
		{F9469CE1-E8B6-4E5A-907A-A6A7A27B795E}.Release|Any CPU.Build.0 = Release|Any CPU
		{3D72BBAC-03ED-4635-98D4-F7C1FBDE50F0}.Debug|Any CPU.ActiveCfg = Debug|Any CPU
		{3D72BBAC-03ED-4635-98D4-F7C1FBDE50F0}.Debug|Any CPU.Build.0 = Debug|Any CPU
		{3D72BBAC-03ED-4635-98D4-F7C1FBDE50F0}.Release|Any CPU.ActiveCfg = Release|Any CPU
		{3D72BBAC-03ED-4635-98D4-F7C1FBDE50F0}.Release|Any CPU.Build.0 = Release|Any CPU
		{6B6330EB-795F-40F3-86CA-7F0599D1E744}.Debug|Any CPU.ActiveCfg = Debug|Any CPU
		{6B6330EB-795F-40F3-86CA-7F0599D1E744}.Debug|Any CPU.Build.0 = Debug|Any CPU
		{6B6330EB-795F-40F3-86CA-7F0599D1E744}.Release|Any CPU.ActiveCfg = Release|Any CPU
		{6B6330EB-795F-40F3-86CA-7F0599D1E744}.Release|Any CPU.Build.0 = Release|Any CPU
	EndGlobalSection
	GlobalSection(SolutionProperties) = preSolution
		HideSolutionNode = FALSE
	EndGlobalSection
	GlobalSection(NestedProjects) = preSolution
		{9488CF67-5560-424C-AE90-2937101FF0E2} = {6AA6C367-031C-480B-81CD-91425AEF521B}
		{B348A721-DF7D-4873-989A-598F288EDE7C} = {614ECBA5-5F8F-4E18-B126-E205A9141788}
		{A59C8E4F-AE98-415A-ACDE-B7F993D5A201} = {6AA6C367-031C-480B-81CD-91425AEF521B}
		{FF69BA88-C723-49BF-A5D2-D50BB6CDA1CD} = {6AA6C367-031C-480B-81CD-91425AEF521B}
		{50C4E2C7-C341-417C-8691-3834442FB14D} = {6AA6C367-031C-480B-81CD-91425AEF521B}
		{45B3BAB9-0FA1-4EFA-951E-C2F28FCC1502} = {52CCE2F9-1621-47E8-A013-AE6305CD9BB6}
		{4600C26D-83EF-4C2E-B939-BC8BECD368B1} = {6AA6C367-031C-480B-81CD-91425AEF521B}
		{F9469CE1-E8B6-4E5A-907A-A6A7A27B795E} = {6AA6C367-031C-480B-81CD-91425AEF521B}
		{3D72BBAC-03ED-4635-98D4-F7C1FBDE50F0} = {6AA6C367-031C-480B-81CD-91425AEF521B}
		{6B6330EB-795F-40F3-86CA-7F0599D1E744} = {1C3E57DC-5F69-4C87-9FA6-C63E7BAC07C9}
	EndGlobalSection
	GlobalSection(ExtensibilityGlobals) = postSolution
		SolutionGuid = {32328393-4355-4264-9654-887DE24B3E2E}
	EndGlobalSection
EndGlobal
