
Microsoft Visual Studio Solution File, Format Version 12.00
# Visual Studio Version 17
VisualStudioVersion = 17.3.32929.385
MinimumVisualStudioVersion = 10.0.40219.1
Project("{2150E333-8FDC-42A3-9474-1A3956D46DE8}") = "FrontEnd", "FrontEnd", "{614ECBA5-5F8F-4E18-B126-E205A9141788}"
EndProject
Project("{2150E333-8FDC-42A3-9474-1A3956D46DE8}") = "GateWay", "GateWay", "{1C3E57DC-5F69-4C87-9FA6-C63E7BAC07C9}"
EndProject
Project("{2150E333-8FDC-42A3-9474-1A3956D46DE8}") = "Integration", "Integration", "{52CCE2F9-1621-47E8-A013-AE6305CD9BB6}"
EndProject
Project("{2150E333-8FDC-42A3-9474-1A3956D46DE8}") = "Services", "Services", "{6AA6C367-031C-480B-81CD-91425AEF521B}"
EndProject
Project("{FAE04EC0-301F-11D3-BF4B-00C04F79EFBC}") = "Mango.Services.CoupanAPI", "Mango.Services.CoupanAPI\Mango.Services.CoupanAPI.csproj", "{9488CF67-5560-424C-AE90-2937101FF0E2}"
EndProject
Global
	GlobalSection(SolutionConfigurationPlatforms) = preSolution
		Debug|Any CPU = Debug|Any CPU
		Release|Any CPU = Release|Any CPU
	EndGlobalSection
	GlobalSection(ProjectConfigurationPlatforms) = postSolution
		{9488CF67-5560-424C-AE90-2937101FF0E2}.Debug|Any CPU.ActiveCfg = Debug|Any CPU
		{9488CF67-5560-424C-AE90-2937101FF0E2}.Debug|Any CPU.Build.0 = Debug|Any CPU
		{9488CF67-5560-424C-AE90-2937101FF0E2}.Release|Any CPU.ActiveCfg = Release|Any CPU
		{9488CF67-5560-424C-AE90-2937101FF0E2}.Release|Any CPU.Build.0 = Release|Any CPU
	EndGlobalSection
	GlobalSection(SolutionProperties) = preSolution
		HideSolutionNode = FALSE
	EndGlobalSection
	GlobalSection(NestedProjects) = preSolution
		{9488CF67-5560-424C-AE90-2937101FF0E2} = {6AA6C367-031C-480B-81CD-91425AEF521B}
	EndGlobalSection
	GlobalSection(ExtensibilityGlobals) = postSolution
		SolutionGuid = {32328393-4355-4264-9654-887DE24B3E2E}
	EndGlobalSection
EndGlobal
